
Microsoft Visual Studio Solution File, Format Version 12.00
# Visual Studio Version 17
VisualStudioVersion = 17.5.33502.453
MinimumVisualStudioVersion = 10.0.40219.1
Project("{2150E333-8FDC-42A3-9474-1A3956D46DE8}") = "ProjectAPI.Application", "ProjectAPI.Application", "{59DD49EB-9781-471A-BF83-07ECF7E807BA}"
EndProject
Project("{2150E333-8FDC-42A3-9474-1A3956D46DE8}") = "ProjectAPI.Domain", "ProjectAPI.Domain", "{9DE65B0F-CE41-46D4-B5FB-D5BB9406BD6C}"
EndProject
Project("{2150E333-8FDC-42A3-9474-1A3956D46DE8}") = "ProjectAPI.Infrastructure", "ProjectAPI.Infrastructure", "{830CC8E5-E372-4169-AD17-BE3296D27902}"
EndProject
Project("{9A19103F-16F7-4668-BE54-9A1E7A4F7556}") = "ProjectAPI.Application", "ProjectAPI.Application\ProjectAPI.Application.csproj", "{6DC78130-51A1-41F5-9FEB-D922999EED06}"
EndProject
Project("{9A19103F-16F7-4668-BE54-9A1E7A4F7556}") = "ProjectAPI.Domain", "ProjectAPI.Domain\ProjectAPI.Domain.csproj", "{F6A03A91-B71E-4193-864D-885610244ED9}"
EndProject
Project("{2150E333-8FDC-42A3-9474-1A3956D46DE8}") = "ProjectAPI.Infra.Data", "ProjectAPI.Infra.Data", "{F6DD8E21-FB95-4281-8AF8-002FC77D9CF0}"
EndProject
Project("{9A19103F-16F7-4668-BE54-9A1E7A4F7556}") = "ProjectAPI.Infra.Data", "ProjectAPI.Infra.Data\ProjectAPI.Infra.Data.csproj", "{A5D6A01D-5A9F-42A6-96D7-E35136F999F5}"
EndProject
Project("{2150E333-8FDC-42A3-9474-1A3956D46DE8}") = "ProjectAPI.Api", "ProjectAPI.Api", "{64CD3B4B-BF6D-4767-BD88-84B4173661C6}"
EndProject
Project("{9A19103F-16F7-4668-BE54-9A1E7A4F7556}") = "ProjectAPI.Api", "ProjectAPI.Api\ProjectAPI.Api.csproj", "{3D489052-B848-40A4-B967-F99FE6B0147A}"
EndProject
Global
	GlobalSection(SolutionConfigurationPlatforms) = preSolution
		Debug|Any CPU = Debug|Any CPU
		Release|Any CPU = Release|Any CPU
	EndGlobalSection
	GlobalSection(ProjectConfigurationPlatforms) = postSolution
		{6DC78130-51A1-41F5-9FEB-D922999EED06}.Debug|Any CPU.ActiveCfg = Debug|Any CPU
		{6DC78130-51A1-41F5-9FEB-D922999EED06}.Debug|Any CPU.Build.0 = Debug|Any CPU
		{6DC78130-51A1-41F5-9FEB-D922999EED06}.Release|Any CPU.ActiveCfg = Release|Any CPU
		{6DC78130-51A1-41F5-9FEB-D922999EED06}.Release|Any CPU.Build.0 = Release|Any CPU
		{F6A03A91-B71E-4193-864D-885610244ED9}.Debug|Any CPU.ActiveCfg = Debug|Any CPU
		{F6A03A91-B71E-4193-864D-885610244ED9}.Debug|Any CPU.Build.0 = Debug|Any CPU
		{F6A03A91-B71E-4193-864D-885610244ED9}.Release|Any CPU.ActiveCfg = Release|Any CPU
		{F6A03A91-B71E-4193-864D-885610244ED9}.Release|Any CPU.Build.0 = Release|Any CPU
		{A5D6A01D-5A9F-42A6-96D7-E35136F999F5}.Debug|Any CPU.ActiveCfg = Debug|Any CPU
		{A5D6A01D-5A9F-42A6-96D7-E35136F999F5}.Debug|Any CPU.Build.0 = Debug|Any CPU
		{A5D6A01D-5A9F-42A6-96D7-E35136F999F5}.Release|Any CPU.ActiveCfg = Release|Any CPU
		{A5D6A01D-5A9F-42A6-96D7-E35136F999F5}.Release|Any CPU.Build.0 = Release|Any CPU
		{3D489052-B848-40A4-B967-F99FE6B0147A}.Debug|Any CPU.ActiveCfg = Debug|Any CPU
		{3D489052-B848-40A4-B967-F99FE6B0147A}.Debug|Any CPU.Build.0 = Debug|Any CPU
		{3D489052-B848-40A4-B967-F99FE6B0147A}.Release|Any CPU.ActiveCfg = Release|Any CPU
		{3D489052-B848-40A4-B967-F99FE6B0147A}.Release|Any CPU.Build.0 = Release|Any CPU
	EndGlobalSection
	GlobalSection(SolutionProperties) = preSolution
		HideSolutionNode = FALSE
	EndGlobalSection
	GlobalSection(NestedProjects) = preSolution
		{6DC78130-51A1-41F5-9FEB-D922999EED06} = {59DD49EB-9781-471A-BF83-07ECF7E807BA}
		{F6A03A91-B71E-4193-864D-885610244ED9} = {9DE65B0F-CE41-46D4-B5FB-D5BB9406BD6C}
		{F6DD8E21-FB95-4281-8AF8-002FC77D9CF0} = {830CC8E5-E372-4169-AD17-BE3296D27902}
		{A5D6A01D-5A9F-42A6-96D7-E35136F999F5} = {F6DD8E21-FB95-4281-8AF8-002FC77D9CF0}
		{3D489052-B848-40A4-B967-F99FE6B0147A} = {64CD3B4B-BF6D-4767-BD88-84B4173661C6}
	EndGlobalSection
	GlobalSection(ExtensibilityGlobals) = postSolution
		SolutionGuid = {EBDA0265-A059-4D77-A440-CC9F784BED93}
	EndGlobalSection
EndGlobal
